
Microsoft Visual Studio Solution File, Format Version 12.00
# Visual Studio 15
VisualStudioVersion = 15.0.26730.15
MinimumVisualStudioVersion = 10.0.40219.1
Project("{FAE04EC0-301F-11D3-BF4B-00C04F79EFBC}") = "SubclassConstructor", "SubclassConstructor\SubclassConstructor.csproj", "{588B3D7B-7AEF-4AF7-8399-0C4716BFDC0F}"
EndProject
Global
	GlobalSection(SolutionConfigurationPlatforms) = preSolution
		Debug|Any CPU = Debug|Any CPU
		Release|Any CPU = Release|Any CPU
	EndGlobalSection
	GlobalSection(ProjectConfigurationPlatforms) = postSolution
		{588B3D7B-7AEF-4AF7-8399-0C4716BFDC0F}.Debug|Any CPU.ActiveCfg = Debug|Any CPU
		{588B3D7B-7AEF-4AF7-8399-0C4716BFDC0F}.Debug|Any CPU.Build.0 = Debug|Any CPU
		{588B3D7B-7AEF-4AF7-8399-0C4716BFDC0F}.Release|Any CPU.ActiveCfg = Release|Any CPU
		{588B3D7B-7AEF-4AF7-8399-0C4716BFDC0F}.Release|Any CPU.Build.0 = Release|Any CPU
	EndGlobalSection
	GlobalSection(SolutionProperties) = preSolution
		HideSolutionNode = FALSE
	EndGlobalSection
	GlobalSection(ExtensibilityGlobals) = postSolution
		SolutionGuid = {7B7FFB01-9C20-4942-A3CC-4B872A7FA35F}
	EndGlobalSection
EndGlobal
